
Microsoft Visual Studio Solution File, Format Version 12.00
# Visual Studio Version 16
VisualStudioVersion = 16.0.29102.190
MinimumVisualStudioVersion = 10.0.40219.1
Project("{FAE04EC0-301F-11D3-BF4B-00C04F79EFBC}") = "Server", "Server\Server.csproj", "{22824B1A-774D-447D-9C7C-BE49CE58E22C}"
EndProject
Global
	GlobalSection(SolutionConfigurationPlatforms) = preSolution
		Debug|Any CPU = Debug|Any CPU
		Release|Any CPU = Release|Any CPU
	EndGlobalSection
	GlobalSection(ProjectConfigurationPlatforms) = postSolution
		{22824B1A-774D-447D-9C7C-BE49CE58E22C}.Debug|Any CPU.ActiveCfg = Debug|Any CPU
		{22824B1A-774D-447D-9C7C-BE49CE58E22C}.Debug|Any CPU.Build.0 = Debug|Any CPU
		{22824B1A-774D-447D-9C7C-BE49CE58E22C}.Release|Any CPU.ActiveCfg = Release|Any CPU
		{22824B1A-774D-447D-9C7C-BE49CE58E22C}.Release|Any CPU.Build.0 = Release|Any CPU
	EndGlobalSection
	GlobalSection(SolutionProperties) = preSolution
		HideSolutionNode = FALSE
	EndGlobalSection
	GlobalSection(ExtensibilityGlobals) = postSolution
		SolutionGuid = {672EB2CD-3DDD-4B18-B4C0-D48A6B2CDD84}
	EndGlobalSection
EndGlobal
